// !$*UTF8*$!
{
	archiveVersion = 1;
	classes = {
	};
	objectVersion = 46;
	objects = {

/* Begin PBXBuildFile section */
		788442CD1ECEC547002BFBC1 /* main.m in Sources */ = {isa = PBXBuildFile; fileRef = 788442CC1ECEC547002BFBC1 /* main.m */; };
		788442D01ECEC547002BFBC1 /* AppDelegate.m in Sources */ = {isa = PBXBuildFile; fileRef = 788442CF1ECEC547002BFBC1 /* AppDelegate.m */; };
		788442D31ECEC547002BFBC1 /* ViewController.m in Sources */ = {isa = PBXBuildFile; fileRef = 788442D21ECEC547002BFBC1 /* ViewController.m */; };
		788442D61ECEC547002BFBC1 /* Main.storyboard in Resources */ = {isa = PBXBuildFile; fileRef = 788442D41ECEC547002BFBC1 /* Main.storyboard */; };
		788442D81ECEC547002BFBC1 /* Assets.xcassets in Resources */ = {isa = PBXBuildFile; fileRef = 788442D71ECEC547002BFBC1 /* Assets.xcassets */; };
		788442DB1ECEC547002BFBC1 /* LaunchScreen.storyboard in Resources */ = {isa = PBXBuildFile; fileRef = 788442D91ECEC547002BFBC1 /* LaunchScreen.storyboard */; };
		788442E61ECEC547002BFBC1 /* CircleLabelDemoTests.m in Sources */ = {isa = PBXBuildFile; fileRef = 788442E51ECEC547002BFBC1 /* CircleLabelDemoTests.m */; };
		788442F11ECEC547002BFBC1 /* CircleLabelDemoUITests.m in Sources */ = {isa = PBXBuildFile; fileRef = 788442F01ECEC547002BFBC1 /* CircleLabelDemoUITests.m */; };
		788443031ECEC569002BFBC1 /* JL_CircleLabel.m in Sources */ = {isa = PBXBuildFile; fileRef = 788443001ECEC569002BFBC1 /* JL_CircleLabel.m */; };
		788443041ECEC569002BFBC1 /* JL_TableView.m in Sources */ = {isa = PBXBuildFile; fileRef = 788443021ECEC569002BFBC1 /* JL_TableView.m */; };
		788443091ECEC5DA002BFBC1 /* PRTween.m in Sources */ = {isa = PBXBuildFile; fileRef = 788443061ECEC5DA002BFBC1 /* PRTween.m */; };
		7884430A1ECEC5DA002BFBC1 /* PRTweenTimingFunctions.m in Sources */ = {isa = PBXBuildFile; fileRef = 788443081ECEC5DA002BFBC1 /* PRTweenTimingFunctions.m */; };
/* End PBXBuildFile section */

/* Begin PBXContainerItemProxy section */
		788442E21ECEC547002BFBC1 /* PBXContainerItemProxy */ = {
			isa = PBXContainerItemProxy;
			containerPortal = 788442C01ECEC547002BFBC1 /* Project object */;
			proxyType = 1;
			remoteGlobalIDString = 788442C71ECEC547002BFBC1;
			remoteInfo = CircleLabelDemo;
		};
		788442ED1ECEC547002BFBC1 /* PBXContainerItemProxy */ = {
			isa = PBXContainerItemProxy;
			containerPortal = 788442C01ECEC547002BFBC1 /* Project object */;
			proxyType = 1;
			remoteGlobalIDString = 788442C71ECEC547002BFBC1;
			remoteInfo = CircleLabelDemo;
		};
/* End PBXContainerItemProxy section */

/* Begin PBXFileReference section */
		788442C81ECEC547002BFBC1 /* CircleLabelDemo.app */ = {isa = PBXFileReference; explicitFileType = wrapper.application; includeInIndex = 0; path = CircleLabelDemo.app; sourceTree = BUILT_PRODUCTS_DIR; };
		788442CC1ECEC547002BFBC1 /* main.m */ = {isa = PBXFileReference; lastKnownFileType = sourcecode.c.objc; path = main.m; sourceTree = "<group>"; };
		788442CE1ECEC547002BFBC1 /* AppDelegate.h */ = {isa = PBXFileReference; lastKnownFileType = sourcecode.c.h; path = AppDelegate.h; sourceTree = "<group>"; };
		788442CF1ECEC547002BFBC1 /* AppDelegate.m */ = {isa = PBXFileReference; lastKnownFileType = sourcecode.c.objc; path = AppDelegate.m; sourceTree = "<group>"; };
		788442D11ECEC547002BFBC1 /* ViewController.h */ = {isa = PBXFileReference; lastKnownFileType = sourcecode.c.h; path = ViewController.h; sourceTree = "<group>"; };
		788442D21ECEC547002BFBC1 /* ViewController.m */ = {isa = PBXFileReference; lastKnownFileType = sourcecode.c.objc; path = ViewController.m; sourceTree = "<group>"; };
		788442D51ECEC547002BFBC1 /* Base */ = {isa = PBXFileReference; lastKnownFileType = file.storyboard; name = Base; path = Base.lproj/Main.storyboard; sourceTree = "<group>"; };
		788442D71ECEC547002BFBC1 /* Assets.xcassets */ = {isa = PBXFileReference; lastKnownFileType = folder.assetcatalog; path = Assets.xcassets; sourceTree = "<group>"; };
		788442DA1ECEC547002BFBC1 /* Base */ = {isa = PBXFileReference; lastKnownFileType = file.storyboard; name = Base; path = Base.lproj/LaunchScreen.storyboard; sourceTree = "<group>"; };
		788442DC1ECEC547002BFBC1 /* Info.plist */ = {isa = PBXFileReference; lastKnownFileType = text.plist.xml; path = Info.plist; sourceTree = "<group>"; };
		788442E11ECEC547002BFBC1 /* CircleLabelDemoTests.xctest */ = {isa = PBXFileReference; explicitFileType = wrapper.cfbundle; includeInIndex = 0; path = CircleLabelDemoTests.xctest; sourceTree = BUILT_PRODUCTS_DIR; };
		788442E51ECEC547002BFBC1 /* CircleLabelDemoTests.m */ = {isa = PBXFileReference; lastKnownFileType = sourcecode.c.objc; path = CircleLabelDemoTests.m; sourceTree = "<group>"; };
		788442E71ECEC547002BFBC1 /* Info.plist */ = {isa = PBXFileReference; lastKnownFileType = text.plist.xml; path = Info.plist; sourceTree = "<group>"; };
		788442EC1ECEC547002BFBC1 /* CircleLabelDemoUITests.xctest */ = {isa = PBXFileReference; explicitFileType = wrapper.cfbundle; includeInIndex = 0; path = CircleLabelDemoUITests.xctest; sourceTree = BUILT_PRODUCTS_DIR; };
		788442F01ECEC547002BFBC1 /* CircleLabelDemoUITests.m */ = {isa = PBXFileReference; lastKnownFileType = sourcecode.c.objc; path = CircleLabelDemoUITests.m; sourceTree = "<group>"; };
		788442F21ECEC547002BFBC1 /* Info.plist */ = {isa = PBXFileReference; lastKnownFileType = text.plist.xml; path = Info.plist; sourceTree = "<group>"; };
		788442FF1ECEC569002BFBC1 /* JL_CircleLabel.h */ = {isa = PBXFileReference; fileEncoding = 4; lastKnownFileType = sourcecode.c.h; path = JL_CircleLabel.h; sourceTree = "<group>"; };
		788443001ECEC569002BFBC1 /* JL_CircleLabel.m */ = {isa = PBXFileReference; fileEncoding = 4; lastKnownFileType = sourcecode.c.objc; path = JL_CircleLabel.m; sourceTree = "<group>"; };
		788443011ECEC569002BFBC1 /* JL_TableView.h */ = {isa = PBXFileReference; fileEncoding = 4; lastKnownFileType = sourcecode.c.h; path = JL_TableView.h; sourceTree = "<group>"; };
		788443021ECEC569002BFBC1 /* JL_TableView.m */ = {isa = PBXFileReference; fileEncoding = 4; lastKnownFileType = sourcecode.c.objc; path = JL_TableView.m; sourceTree = "<group>"; };
		788443051ECEC5DA002BFBC1 /* PRTween.h */ = {isa = PBXFileReference; fileEncoding = 4; lastKnownFileType = sourcecode.c.h; path = PRTween.h; sourceTree = "<group>"; };
		788443061ECEC5DA002BFBC1 /* PRTween.m */ = {isa = PBXFileReference; fileEncoding = 4; lastKnownFileType = sourcecode.c.objc; path = PRTween.m; sourceTree = "<group>"; };
		788443071ECEC5DA002BFBC1 /* PRTweenTimingFunctions.h */ = {isa = PBXFileReference; fileEncoding = 4; lastKnownFileType = sourcecode.c.h; path = PRTweenTimingFunctions.h; sourceTree = "<group>"; };
		788443081ECEC5DA002BFBC1 /* PRTweenTimingFunctions.m */ = {isa = PBXFileReference; fileEncoding = 4; lastKnownFileType = sourcecode.c.objc; path = PRTweenTimingFunctions.m; sourceTree = "<group>"; };
/* End PBXFileReference section */

/* Begin PBXFrameworksBuildPhase section */
		788442C51ECEC547002BFBC1 /* Frameworks */ = {
			isa = PBXFrameworksBuildPhase;
			buildActionMask = 2147483647;
			files = (
			);
			runOnlyForDeploymentPostprocessing = 0;
		};
		788442DE1ECEC547002BFBC1 /* Frameworks */ = {
			isa = PBXFrameworksBuildPhase;
			buildActionMask = 2147483647;
			files = (
			);
			runOnlyForDeploymentPostprocessing = 0;
		};
		788442E91ECEC547002BFBC1 /* Frameworks */ = {
			isa = PBXFrameworksBuildPhase;
			buildActionMask = 2147483647;
			files = (
			);
			runOnlyForDeploymentPostprocessing = 0;
		};
/* End PBXFrameworksBuildPhase section */

/* Begin PBXGroup section */
		788442BF1ECEC547002BFBC1 = {
			isa = PBXGroup;
			children = (
				788442CA1ECEC547002BFBC1 /* CircleLabelDemo */,
				788442E41ECEC547002BFBC1 /* CircleLabelDemoTests */,
				788442EF1ECEC547002BFBC1 /* CircleLabelDemoUITests */,
				788442C91ECEC547002BFBC1 /* Products */,
			);
			sourceTree = "<group>";
		};
		788442C91ECEC547002BFBC1 /* Products */ = {
			isa = PBXGroup;
			children = (
				788442C81ECEC547002BFBC1 /* CircleLabelDemo.app */,
				788442E11ECEC547002BFBC1 /* CircleLabelDemoTests.xctest */,
				788442EC1ECEC547002BFBC1 /* CircleLabelDemoUITests.xctest */,
			);
			name = Products;
			sourceTree = "<group>";
		};
		788442CA1ECEC547002BFBC1 /* CircleLabelDemo */ = {
			isa = PBXGroup;
			children = (
				788442FE1ECEC569002BFBC1 /* circleLabel */,
				788442CE1ECEC547002BFBC1 /* AppDelegate.h */,
				788442CF1ECEC547002BFBC1 /* AppDelegate.m */,
				788442D11ECEC547002BFBC1 /* ViewController.h */,
				788442D21ECEC547002BFBC1 /* ViewController.m */,
				788442D41ECEC547002BFBC1 /* Main.storyboard */,
				788442D71ECEC547002BFBC1 /* Assets.xcassets */,
				788442D91ECEC547002BFBC1 /* LaunchScreen.storyboard */,
				788442DC1ECEC547002BFBC1 /* Info.plist */,
				788442CB1ECEC547002BFBC1 /* Supporting Files */,
			);
			path = CircleLabelDemo;
			sourceTree = "<group>";
		};
		788442CB1ECEC547002BFBC1 /* Supporting Files */ = {
			isa = PBXGroup;
			children = (
				788442CC1ECEC547002BFBC1 /* main.m */,
			);
			name = "Supporting Files";
			sourceTree = "<group>";
		};
		788442E41ECEC547002BFBC1 /* CircleLabelDemoTests */ = {
			isa = PBXGroup;
			children = (
				788442E51ECEC547002BFBC1 /* CircleLabelDemoTests.m */,
				788442E71ECEC547002BFBC1 /* Info.plist */,
			);
			path = CircleLabelDemoTests;
			sourceTree = "<group>";
		};
		788442EF1ECEC547002BFBC1 /* CircleLabelDemoUITests */ = {
			isa = PBXGroup;
			children = (
				788442F01ECEC547002BFBC1 /* CircleLabelDemoUITests.m */,
				788442F21ECEC547002BFBC1 /* Info.plist */,
			);
			path = CircleLabelDemoUITests;
			sourceTree = "<group>";
		};
		788442FE1ECEC569002BFBC1 /* circleLabel */ = {
			isa = PBXGroup;
			children = (
				788443051ECEC5DA002BFBC1 /* PRTween.h */,
				788443061ECEC5DA002BFBC1 /* PRTween.m */,
				788443071ECEC5DA002BFBC1 /* PRTweenTimingFunctions.h */,
				788443081ECEC5DA002BFBC1 /* PRTweenTimingFunctions.m */,
				788442FF1ECEC569002BFBC1 /* JL_CircleLabel.h */,
				788443001ECEC569002BFBC1 /* JL_CircleLabel.m */,
				788443011ECEC569002BFBC1 /* JL_TableView.h */,
				788443021ECEC569002BFBC1 /* JL_TableView.m */,
			);
			path = circleLabel;
			sourceTree = "<group>";
		};
/* End PBXGroup section */

/* Begin PBXNativeTarget section */
		788442C71ECEC547002BFBC1 /* CircleLabelDemo */ = {
			isa = PBXNativeTarget;
			buildConfigurationList = 788442F51ECEC547002BFBC1 /* Build configuration list for PBXNativeTarget "CircleLabelDemo" */;
			buildPhases = (
				788442C41ECEC547002BFBC1 /* Sources */,
				788442C51ECEC547002BFBC1 /* Frameworks */,
				788442C61ECEC547002BFBC1 /* Resources */,
			);
			buildRules = (
			);
			dependencies = (
			);
			name = CircleLabelDemo;
			productName = CircleLabelDemo;
			productReference = 788442C81ECEC547002BFBC1 /* CircleLabelDemo.app */;
			productType = "com.apple.product-type.application";
		};
		788442E01ECEC547002BFBC1 /* CircleLabelDemoTests */ = {
			isa = PBXNativeTarget;
			buildConfigurationList = 788442F81ECEC547002BFBC1 /* Build configuration list for PBXNativeTarget "CircleLabelDemoTests" */;
			buildPhases = (
				788442DD1ECEC547002BFBC1 /* Sources */,
				788442DE1ECEC547002BFBC1 /* Frameworks */,
				788442DF1ECEC547002BFBC1 /* Resources */,
			);
			buildRules = (
			);
			dependencies = (
				788442E31ECEC547002BFBC1 /* PBXTargetDependency */,
			);
			name = CircleLabelDemoTests;
			productName = CircleLabelDemoTests;
			productReference = 788442E11ECEC547002BFBC1 /* CircleLabelDemoTests.xctest */;
			productType = "com.apple.product-type.bundle.unit-test";
		};
		788442EB1ECEC547002BFBC1 /* CircleLabelDemoUITests */ = {
			isa = PBXNativeTarget;
			buildConfigurationList = 788442FB1ECEC547002BFBC1 /* Build configuration list for PBXNativeTarget "CircleLabelDemoUITests" */;
			buildPhases = (
				788442E81ECEC547002BFBC1 /* Sources */,
				788442E91ECEC547002BFBC1 /* Frameworks */,
				788442EA1ECEC547002BFBC1 /* Resources */,
			);
			buildRules = (
			);
			dependencies = (
				788442EE1ECEC547002BFBC1 /* PBXTargetDependency */,
			);
			name = CircleLabelDemoUITests;
			productName = CircleLabelDemoUITests;
			productReference = 788442EC1ECEC547002BFBC1 /* CircleLabelDemoUITests.xctest */;
			productType = "com.apple.product-type.bundle.ui-testing";
		};
/* End PBXNativeTarget section */

/* Begin PBXProject section */
		788442C01ECEC547002BFBC1 /* Project object */ = {
			isa = PBXProject;
			attributes = {
				LastUpgradeCheck = 0830;
				ORGANIZATIONNAME = qiongjiwuxian;
				TargetAttributes = {
					788442C71ECEC547002BFBC1 = {
						CreatedOnToolsVersion = 8.3;
						DevelopmentTeam = G3G6Z3TQ79;
						ProvisioningStyle = Automatic;
					};
					788442E01ECEC547002BFBC1 = {
						CreatedOnToolsVersion = 8.3;
						DevelopmentTeam = G3G6Z3TQ79;
						ProvisioningStyle = Automatic;
						TestTargetID = 788442C71ECEC547002BFBC1;
					};
					788442EB1ECEC547002BFBC1 = {
						CreatedOnToolsVersion = 8.3;
						DevelopmentTeam = G3G6Z3TQ79;
						ProvisioningStyle = Automatic;
						TestTargetID = 788442C71ECEC547002BFBC1;
					};
				};
			};
			buildConfigurationList = 788442C31ECEC547002BFBC1 /* Build configuration list for PBXProject "CircleLabelDemo" */;
			compatibilityVersion = "Xcode 3.2";
			developmentRegion = English;
			hasScannedForEncodings = 0;
			knownRegions = (
				en,
				Base,
			);
			mainGroup = 788442BF1ECEC547002BFBC1;
			productRefGroup = 788442C91ECEC547002BFBC1 /* Products */;
			projectDirPath = "";
			projectRoot = "";
			targets = (
				788442C71ECEC547002BFBC1 /* CircleLabelDemo */,
				788442E01ECEC547002BFBC1 /* CircleLabelDemoTests */,
				788442EB1ECEC547002BFBC1 /* CircleLabelDemoUITests */,
			);
		};
/* End PBXProject section */

/* Begin PBXResourcesBuildPhase section */
		788442C61ECEC547002BFBC1 /* Resources */ = {
			isa = PBXResourcesBuildPhase;
			buildActionMask = 2147483647;
			files = (
				788442DB1ECEC547002BFBC1 /* LaunchScreen.storyboard in Resources */,
				788442D81ECEC547002BFBC1 /* Assets.xcassets in Resources */,
				788442D61ECEC547002BFBC1 /* Main.storyboard in Resources */,
			);
			runOnlyForDeploymentPostprocessing = 0;
		};
		788442DF1ECEC547002BFBC1 /* Resources */ = {
			isa = PBXResourcesBuildPhase;
			buildActionMask = 2147483647;
			files = (
			);
			runOnlyForDeploymentPostprocessing = 0;
		};
		788442EA1ECEC547002BFBC1 /* Resources */ = {
			isa = PBXResourcesBuildPhase;
			buildActionMask = 2147483647;
			files = (
			);
			runOnlyForDeploymentPostprocessing = 0;
		};
/* End PBXResourcesBuildPhase section */

/* Begin PBXSourcesBuildPhase section */
		788442C41ECEC547002BFBC1 /* Sources */ = {
			isa = PBXSourcesBuildPhase;
			buildActionMask = 2147483647;
			files = (
				788442D31ECEC547002BFBC1 /* ViewController.m in Sources */,
				788443091ECEC5DA002BFBC1 /* PRTween.m in Sources */,
				788443041ECEC569002BFBC1 /* JL_TableView.m in Sources */,
				788442D01ECEC547002BFBC1 /* AppDelegate.m in Sources */,
				7884430A1ECEC5DA002BFBC1 /* PRTweenTimingFunctions.m in Sources */,
				788443031ECEC569002BFBC1 /* JL_CircleLabel.m in Sources */,
				788442CD1ECEC547002BFBC1 /* main.m in Sources */,
			);
			runOnlyForDeploymentPostprocessing = 0;
		};
		788442DD1ECEC547002BFBC1 /* Sources */ = {
			isa = PBXSourcesBuildPhase;
			buildActionMask = 2147483647;
			files = (
				788442E61ECEC547002BFBC1 /* CircleLabelDemoTests.m in Sources */,
			);
			runOnlyForDeploymentPostprocessing = 0;
		};
		788442E81ECEC547002BFBC1 /* Sources */ = {
			isa = PBXSourcesBuildPhase;
			buildActionMask = 2147483647;
			files = (
				788442F11ECEC547002BFBC1 /* CircleLabelDemoUITests.m in Sources */,
			);
			runOnlyForDeploymentPostprocessing = 0;
		};
/* End PBXSourcesBuildPhase section */

/* Begin PBXTargetDependency section */
		788442E31ECEC547002BFBC1 /* PBXTargetDependency */ = {
			isa = PBXTargetDependency;
			target = 788442C71ECEC547002BFBC1 /* CircleLabelDemo */;
			targetProxy = 788442E21ECEC547002BFBC1 /* PBXContainerItemProxy */;
		};
		788442EE1ECEC547002BFBC1 /* PBXTargetDependency */ = {
			isa = PBXTargetDependency;
			target = 788442C71ECEC547002BFBC1 /* CircleLabelDemo */;
			targetProxy = 788442ED1ECEC547002BFBC1 /* PBXContainerItemProxy */;
		};
/* End PBXTargetDependency section */

/* Begin PBXVariantGroup section */
		788442D41ECEC547002BFBC1 /* Main.storyboard */ = {
			isa = PBXVariantGroup;
			children = (
				788442D51ECEC547002BFBC1 /* Base */,
			);
			name = Main.storyboard;
			sourceTree = "<group>";
		};
		788442D91ECEC547002BFBC1 /* LaunchScreen.storyboard */ = {
			isa = PBXVariantGroup;
			children = (
				788442DA1ECEC547002BFBC1 /* Base */,
			);
			name = LaunchScreen.storyboard;
			sourceTree = "<group>";
		};
/* End PBXVariantGroup section */

/* Begin XCBuildConfiguration section */
		788442F31ECEC547002BFBC1 /* Debug */ = {
			isa = XCBuildConfiguration;
			buildSettings = {
				ALWAYS_SEARCH_USER_PATHS = NO;
				CLANG_ANALYZER_NONNULL = YES;
				CLANG_ANALYZER_NUMBER_OBJECT_CONVERSION = YES_AGGRESSIVE;
				CLANG_CXX_LANGUAGE_STANDARD = "gnu++0x";
				CLANG_CXX_LIBRARY = "libc++";
				CLANG_ENABLE_MODULES = YES;
				CLANG_ENABLE_OBJC_ARC = YES;
				CLANG_WARN_BOOL_CONVERSION = YES;
				CLANG_WARN_CONSTANT_CONVERSION = YES;
				CLANG_WARN_DIRECT_OBJC_ISA_USAGE = YES_ERROR;
				CLANG_WARN_DOCUMENTATION_COMMENTS = YES;
				CLANG_WARN_EMPTY_BODY = YES;
				CLANG_WARN_ENUM_CONVERSION = YES;
				CLANG_WARN_INFINITE_RECURSION = YES;
				CLANG_WARN_INT_CONVERSION = YES;
				CLANG_WARN_OBJC_ROOT_CLASS = YES_ERROR;
				CLANG_WARN_SUSPICIOUS_MOVE = YES;
				CLANG_WARN_UNREACHABLE_CODE = YES;
				CLANG_WARN__DUPLICATE_METHOD_MATCH = YES;
				"CODE_SIGN_IDENTITY[sdk=iphoneos*]" = "iPhone Developer";
				COPY_PHASE_STRIP = NO;
				DEBUG_INFORMATION_FORMAT = dwarf;
				ENABLE_STRICT_OBJC_MSGSEND = YES;
				ENABLE_TESTABILITY = YES;
				GCC_C_LANGUAGE_STANDARD = gnu99;
				GCC_DYNAMIC_NO_PIC = NO;
				GCC_NO_COMMON_BLOCKS = YES;
				GCC_OPTIMIZATION_LEVEL = 0;
				GCC_PREPROCESSOR_DEFINITIONS = (
					"DEBUG=1",
					"$(inherited)",
				);
				GCC_WARN_64_TO_32_BIT_CONVERSION = YES;
				GCC_WARN_ABOUT_RETURN_TYPE = YES_ERROR;
				GCC_WARN_UNDECLARED_SELECTOR = YES;
				GCC_WARN_UNINITIALIZED_AUTOS = YES_AGGRESSIVE;
				GCC_WARN_UNUSED_FUNCTION = YES;
				GCC_WARN_UNUSED_VARIABLE = YES;
				IPHONEOS_DEPLOYMENT_TARGET = 10.3;
				MTL_ENABLE_DEBUG_INFO = YES;
				ONLY_ACTIVE_ARCH = YES;
				SDKROOT = iphoneos;
			};
			name = Debug;
		};
		788442F41ECEC547002BFBC1 /* Release */ = {
			isa = XCBuildConfiguration;
			buildSettings = {
				ALWAYS_SEARCH_USER_PATHS = NO;
				CLANG_ANALYZER_NONNULL = YES;
				CLANG_ANALYZER_NUMBER_OBJECT_CONVERSION = YES_AGGRESSIVE;
				CLANG_CXX_LANGUAGE_STANDARD = "gnu++0x";
				CLANG_CXX_LIBRARY = "libc++";
				CLANG_ENABLE_MODULES = YES;
				CLANG_ENABLE_OBJC_ARC = YES;
				CLANG_WARN_BOOL_CONVERSION = YES;
				CLANG_WARN_CONSTANT_CONVERSION = YES;
				CLANG_WARN_DIRECT_OBJC_ISA_USAGE = YES_ERROR;
				CLANG_WARN_DOCUMENTATION_COMMENTS = YES;
				CLANG_WARN_EMPTY_BODY = YES;
				CLANG_WARN_ENUM_CONVERSION = YES;
				CLANG_WARN_INFINITE_RECURSION = YES;
				CLANG_WARN_INT_CONVERSION = YES;
				CLANG_WARN_OBJC_ROOT_CLASS = YES_ERROR;
				CLANG_WARN_SUSPICIOUS_MOVE = YES;
				CLANG_WARN_UNREACHABLE_CODE = YES;
				CLANG_WARN__DUPLICATE_METHOD_MATCH = YES;
				"CODE_SIGN_IDENTITY[sdk=iphoneos*]" = "iPhone Developer";
				COPY_PHASE_STRIP = NO;
				DEBUG_INFORMATION_FORMAT = "dwarf-with-dsym";
				ENABLE_NS_ASSERTIONS = NO;
				ENABLE_STRICT_OBJC_MSGSEND = YES;
				GCC_C_LANGUAGE_STANDARD = gnu99;
				GCC_NO_COMMON_BLOCKS = YES;
				GCC_WARN_64_TO_32_BIT_CONVERSION = YES;
				GCC_WARN_ABOUT_RETURN_TYPE = YES_ERROR;
				GCC_WARN_UNDECLARED_SELECTOR = YES;
				GCC_WARN_UNINITIALIZED_AUTOS = YES_AGGRESSIVE;
				GCC_WARN_UNUSED_FUNCTION = YES;
				GCC_WARN_UNUSED_VARIABLE = YES;
				IPHONEOS_DEPLOYMENT_TARGET = 10.3;
				MTL_ENABLE_DEBUG_INFO = NO;
				SDKROOT = iphoneos;
				VALIDATE_PRODUCT = YES;
			};
			name = Release;
		};
		788442F61ECEC547002BFBC1 /* Debug */ = {
			isa = XCBuildConfiguration;
			buildSettings = {
				ASSETCATALOG_COMPILER_APPICON_NAME = AppIcon;
				DEVELOPMENT_TEAM = G3G6Z3TQ79;
				INFOPLIST_FILE = CircleLabelDemo/Info.plist;
				LD_RUNPATH_SEARCH_PATHS = "$(inherited) @executable_path/Frameworks";
				PRODUCT_BUNDLE_IDENTIFIER = com.qiongjiwuxian.CircleLabelDemo;
				PRODUCT_NAME = "$(TARGET_NAME)";
			};
			name = Debug;
		};
		788442F71ECEC547002BFBC1 /* Release */ = {
			isa = XCBuildConfiguration;
			buildSettings = {
				ASSETCATALOG_COMPILER_APPICON_NAME = AppIcon;
				DEVELOPMENT_TEAM = G3G6Z3TQ79;
				INFOPLIST_FILE = CircleLabelDemo/Info.plist;
				LD_RUNPATH_SEARCH_PATHS = "$(inherited) @executable_path/Frameworks";
				PRODUCT_BUNDLE_IDENTIFIER = com.qiongjiwuxian.CircleLabelDemo;
				PRODUCT_NAME = "$(TARGET_NAME)";
			};
			name = Release;
		};
		788442F91ECEC547002BFBC1 /* Debug */ = {
			isa = XCBuildConfiguration;
			buildSettings = {
				BUNDLE_LOADER = "$(TEST_HOST)";
				DEVELOPMENT_TEAM = G3G6Z3TQ79;
				INFOPLIST_FILE = CircleLabelDemoTests/Info.plist;
				LD_RUNPATH_SEARCH_PATHS = "$(inherited) @executable_path/Frameworks @loader_path/Frameworks";
				PRODUCT_BUNDLE_IDENTIFIER = com.qiongjiwuxian.CircleLabelDemoTests;
				PRODUCT_NAME = "$(TARGET_NAME)";
				TEST_HOST = "$(BUILT_PRODUCTS_DIR)/CircleLabelDemo.app/CircleLabelDemo";
			};
			name = Debug;
		};
		788442FA1ECEC547002BFBC1 /* Release */ = {
			isa = XCBuildConfiguration;
			buildSettings = {
				BUNDLE_LOADER = "$(TEST_HOST)";
				DEVELOPMENT_TEAM = G3G6Z3TQ79;
				INFOPLIST_FILE = CircleLabelDemoTests/Info.plist;
				LD_RUNPATH_SEARCH_PATHS = "$(inherited) @executable_path/Frameworks @loader_path/Frameworks";
				PRODUCT_BUNDLE_IDENTIFIER = com.qiongjiwuxian.CircleLabelDemoTests;
				PRODUCT_NAME = "$(TARGET_NAME)";
				TEST_HOST = "$(BUILT_PRODUCTS_DIR)/CircleLabelDemo.app/CircleLabelDemo";
			};
			name = Release;
		};
		788442FC1ECEC547002BFBC1 /* Debug */ = {
			isa = XCBuildConfiguration;
			buildSettings = {
				DEVELOPMENT_TEAM = G3G6Z3TQ79;
				INFOPLIST_FILE = CircleLabelDemoUITests/Info.plist;
				LD_RUNPATH_SEARCH_PATHS = "$(inherited) @executable_path/Frameworks @loader_path/Frameworks";
				PRODUCT_BUNDLE_IDENTIFIER = com.qiongjiwuxian.CircleLabelDemoUITests;
				PRODUCT_NAME = "$(TARGET_NAME)";
				TEST_TARGET_NAME = CircleLabelDemo;
			};
			name = Debug;
		};
		788442FD1ECEC547002BFBC1 /* Release */ = {
			isa = XCBuildConfiguration;
			buildSettings = {
				DEVELOPMENT_TEAM = G3G6Z3TQ79;
				INFOPLIST_FILE = CircleLabelDemoUITests/Info.plist;
				LD_RUNPATH_SEARCH_PATHS = "$(inherited) @executable_path/Frameworks @loader_path/Frameworks";
				PRODUCT_BUNDLE_IDENTIFIER = com.qiongjiwuxian.CircleLabelDemoUITests;
				PRODUCT_NAME = "$(TARGET_NAME)";
				TEST_TARGET_NAME = CircleLabelDemo;
			};
			name = Release;
		};
/* End XCBuildConfiguration section */

/* Begin XCConfigurationList section */
		788442C31ECEC547002BFBC1 /* Build configuration list for PBXProject "CircleLabelDemo" */ = {
			isa = XCConfigurationList;
			buildConfigurations = (
				788442F31ECEC547002BFBC1 /* Debug */,
				788442F41ECEC547002BFBC1 /* Release */,
			);
			defaultConfigurationIsVisible = 0;
			defaultConfigurationName = Release;
		};
		788442F51ECEC547002BFBC1 /* Build configuration list for PBXNativeTarget "CircleLabelDemo" */ = {
			isa = XCConfigurationList;
			buildConfigurations = (
				788442F61ECEC547002BFBC1 /* Debug */,
				788442F71ECEC547002BFBC1 /* Release */,
			);
			defaultConfigurationIsVisible = 0;
		};
		788442F81ECEC547002BFBC1 /* Build configuration list for PBXNativeTarget "CircleLabelDemoTests" */ = {
			isa = XCConfigurationList;
			buildConfigurations = (
				788442F91ECEC547002BFBC1 /* Debug */,
				788442FA1ECEC547002BFBC1 /* Release */,
			);
			defaultConfigurationIsVisible = 0;
		};
		788442FB1ECEC547002BFBC1 /* Build configuration list for PBXNativeTarget "CircleLabelDemoUITests" */ = {
			isa = XCConfigurationList;
			buildConfigurations = (
				788442FC1ECEC547002BFBC1 /* Debug */,
				788442FD1ECEC547002BFBC1 /* Release */,
			);
			defaultConfigurationIsVisible = 0;
		};
/* End XCConfigurationList section */
	};
	rootObject = 788442C01ECEC547002BFBC1 /* Project object */;
}
